PODS:
  - Flutter (1.0.0)
  - integration_test (0.0.1):
    - Flutter
  - open_wearables_health_sdk (0.0.24):
    - Flutter
    - OpenWearablesHealthSDK (~> 0.15.0)
  - OpenWearablesHealthSDK (0.15.0)
  - package_info_plus (0.4.5):
    - Flutter
  - Sentry/HybridSDK (8.58.0)
  - sentry_flutter (9.16.0):
    - Flutter
    - FlutterMacOS
    - Sentry/HybridSDK (= 8.58.0)
  - wakelock_plus (0.0.1):
    - Flutter

DEPENDENCIES:
  - Flutter (from `Flutter`)
  - integration_test (from `.symlinks/plugins/integration_test/ios`)
  - open_wearables_health_sdk (from `.symlinks/plugins/open_wearables_health_sdk/ios`)
  - OpenWearablesHealthSDK (from `https://github.com/dial203/dial203-open_wearables_ios_sdk.git`, commit `bc6817ccdd4b56231b18600ad5af03d5b4c03cce`)
  - package_info_plus (from `.symlinks/plugins/package_info_plus/ios`)
  - sentry_flutter (from `.symlinks/plugins/sentry_flutter/ios`)
  - wakelock_plus (from `.symlinks/plugins/wakelock_plus/ios`)

SPEC REPOS:
  trunk:
    - Sentry

EXTERNAL SOURCES:
  Flutter:
    :path: Flutter
  integration_test:
    :path: ".symlinks/plugins/integration_test/ios"
  open_wearables_health_sdk:
    :path: ".symlinks/plugins/open_wearables_health_sdk/ios"
  OpenWearablesHealthSDK:
    :commit: bc6817ccdd4b56231b18600ad5af03d5b4c03cce
    :git: https://github.com/dial203/dial203-open_wearables_ios_sdk.git
  package_info_plus:
    :path: ".symlinks/plugins/package_info_plus/ios"
  sentry_flutter:
    :path: ".symlinks/plugins/sentry_flutter/ios"
  wakelock_plus:
    :path: ".symlinks/plugins/wakelock_plus/ios"

CHECKOUT OPTIONS:
  OpenWearablesHealthSDK:
    :commit: bc6817ccdd4b56231b18600ad5af03d5b4c03cce
    :git: https://github.com/dial203/dial203-open_wearables_ios_sdk.git

SPEC CHECKSUMS:
  Flutter: 71a624a5bc0c04062bf19101d501e466baf2fb47
  integration_test: 4a889634ef21a45d28d50d622cf412dc6d9f586e
  open_wearables_health_sdk: 18361c76844a88397e70842f06c6026808ec4a7a
  OpenWearablesHealthSDK: dd7c70ceac5d1364be47e1115a8325b31bf4ca38
  package_info_plus: af8e2ca6888548050f16fa2f1938db7b5a5df499
  Sentry: d587a8fe91ca13503ecd69a1905f3e8a0fcf61be
  sentry_flutter: 31101687061fb85211ebab09ce6eb8db4e9ba74f
  wakelock_plus: e29112ab3ef0b318e58cfa5c32326458be66b556

PODFILE CHECKSUM: a43a833fa1e37e3747f905351103673736f61435

COCOAPODS: 1.17.0
